// !$*UTF8*$!
{
	archiveVersion = 1;
	classes = {
	};
	objectVersion = 50;
	objects = {

/* Begin PBXBuildFile section */
		278446B62396BD0A0027FBD5 /* AppDelegate.swift in Sources */ = {isa = PBXBuildFile; fileRef = 278446B52396BD0A0027FBD5 /* AppDelegate.swift */; };
		278446B82396BD0A0027FBD5 /* SceneDelegate.swift in Sources */ = {isa = PBXBuildFile; fileRef = 278446B72396BD0A0027FBD5 /* SceneDelegate.swift */; };
		278446BA2396BD0A0027FBD5 /* ContentView.swift in Sources */ = {isa = PBXBuildFile; fileRef = 278446B92396BD0A0027FBD5 /* ContentView.swift */; };
		278446BC2396BD0D0027FBD5 /* Assets.xcassets in Resources */ = {isa = PBXBuildFile; fileRef = 278446BB2396BD0D0027FBD5 /* Assets.xcassets */; };
		278446BF2396BD0D0027FBD5 /* Preview Assets.xcassets in Resources */ = {isa = PBXBuildFile; fileRef = 278446BE2396BD0D0027FBD5 /* Preview Assets.xcassets */; };
		278446C22396BD0D0027FBD5 /* LaunchScreen.storyboard in Resources */ = {isa = PBXBuildFile; fileRef = 278446C02396BD0D0027FBD5 /* LaunchScreen.storyboard */; };
		278446CD2396BD0D0027FBD5 /* SVGExampleTests.swift in Sources */ = {isa = PBXBuildFile; fileRef = 278446CC2396BD0D0027FBD5 /* SVGExampleTests.swift */; };
		278446D92396BD310027FBD5 /* SVGParser.framework in Frameworks */ = {isa = PBXBuildFile; fileRef = 278446D82396BD310027FBD5 /* SVGParser.framework */; };
		278446DA2396BD310027FBD5 /* SVGParser.framework in Embed Frameworks */ = {isa = PBXBuildFile; fileRef = 278446D82396BD310027FBD5 /* SVGParser.framework */; settings = {ATTRIBUTES = (CodeSignOnCopy, RemoveHeadersOnCopy, ); }; };
/* End PBXBuildFile section */

/* Begin PBXContainerItemProxy section */
		278446C92396BD0D0027FBD5 /* PBXContainerItemProxy */ = {
			isa = PBXContainerItemProxy;
			containerPortal = 278446AA2396BD0A0027FBD5 /* Project object */;
			proxyType = 1;
			remoteGlobalIDString = 278446B12396BD0A0027FBD5;
			remoteInfo = SVGExample;
		};
/* End PBXContainerItemProxy section */

/* Begin PBXCopyFilesBuildPhase section */
		278446DB2396BD310027FBD5 /* Embed Frameworks */ = {
			isa = PBXCopyFilesBuildPhase;
			buildActionMask = 2147483647;
			dstPath = "";
			dstSubfolderSpec = 10;
			files = (
				278446DA2396BD310027FBD5 /* SVGParser.framework in Embed Frameworks */,
			);
			name = "Embed Frameworks";
			runOnlyForDeploymentPostprocessing = 0;
		};
/* End PBXCopyFilesBuildPhase section */

/* Begin PBXFileReference section */
		278446B22396BD0A0027FBD5 /* SVGExample.app */ = {isa = PBXFileReference; explicitFileType = wrapper.application; includeInIndex = 0; path = SVGExample.app; sourceTree = BUILT_PRODUCTS_DIR; };
		278446B52396BD0A0027FBD5 /* AppDelegate.swift */ = {isa = PBXFileReference; lastKnownFileType = sourcecode.swift; path = AppDelegate.swift; sourceTree = "<group>"; };
		278446B72396BD0A0027FBD5 /* SceneDelegate.swift */ = {isa = PBXFileReference; lastKnownFileType = sourcecode.swift; path = SceneDelegate.swift; sourceTree = "<group>"; };
		278446B92396BD0A0027FBD5 /* ContentView.swift */ = {isa = PBXFileReference; lastKnownFileType = sourcecode.swift; path = ContentView.swift; sourceTree = "<group>"; };
		278446BB2396BD0D0027FBD5 /* Assets.xcassets */ = {isa = PBXFileReference; lastKnownFileType = folder.assetcatalog; path = Assets.xcassets; sourceTree = "<group>"; };
		278446BE2396BD0D0027FBD5 /* Preview Assets.xcassets */ = {isa = PBXFileReference; lastKnownFileType = folder.assetcatalog; path = "Preview Assets.xcassets"; sourceTree = "<group>"; };
		278446C12396BD0D0027FBD5 /* Base */ = {isa = PBXFileReference; lastKnownFileType = file.storyboard; name = Base; path = Base.lproj/LaunchScreen.storyboard; sourceTree = "<group>"; };
		278446C32396BD0D0027FBD5 /* Info.plist */ = {isa = PBXFileReference; lastKnownFileType = text.plist.xml; path = Info.plist; sourceTree = "<group>"; };
		278446C82396BD0D0027FBD5 /* SVGExampleTests.xctest */ = {isa = PBXFileReference; explicitFileType = wrapper.cfbundle; includeInIndex = 0; path = SVGExampleTests.xctest; sourceTree = BUILT_PRODUCTS_DIR; };
		278446CC2396BD0D0027FBD5 /* SVGExampleTests.swift */ = {isa = PBXFileReference; lastKnownFileType = sourcecode.swift; path = SVGExampleTests.swift; sourceTree = "<group>"; };
		278446CE2396BD0D0027FBD5 /* Info.plist */ = {isa = PBXFileReference; lastKnownFileType = text.plist.xml; path = Info.plist; sourceTree = "<group>"; };
		278446D82396BD310027FBD5 /* SVGParser.framework */ = {isa = PBXFileReference; explicitFileType = wrapper.framework; path = SVGParser.framework; sourceTree = BUILT_PRODUCTS_DIR; };
/* End PBXFileReference section */

/* Begin PBXFrameworksBuildPhase section */
		278446AF2396BD0A0027FBD5 /* Frameworks */ = {
			isa = PBXFrameworksBuildPhase;
			buildActionMask = 2147483647;
			files = (
				278446D92396BD310027FBD5 /* SVGParser.framework in Frameworks */,
			);
			runOnlyForDeploymentPostprocessing = 0;
		};
		278446C52396BD0D0027FBD5 /* Frameworks */ = {
			isa = PBXFrameworksBuildPhase;
			buildActionMask = 2147483647;
			files = (
			);
			runOnlyForDeploymentPostprocessing = 0;
		};
/* End PBXFrameworksBuildPhase section */

/* Begin PBXGroup section */
		278446A92396BD0A0027FBD5 = {
			isa = PBXGroup;
			children = (
				278446B42396BD0A0027FBD5 /* SVGExample */,
				278446CB2396BD0D0027FBD5 /* SVGExampleTests */,
				278446B32396BD0A0027FBD5 /* Products */,
				278446D72396BD310027FBD5 /* Frameworks */,
			);
			sourceTree = "<group>";
		};
		278446B32396BD0A0027FBD5 /* Products */ = {
			isa = PBXGroup;
			children = (
				278446B22396BD0A0027FBD5 /* SVGExample.app */,
				278446C82396BD0D0027FBD5 /* SVGExampleTests.xctest */,
			);
			name = Products;
			sourceTree = "<group>";
		};
		278446B42396BD0A0027FBD5 /* SVGExample */ = {
			isa = PBXGroup;
			children = (
				278446B52396BD0A0027FBD5 /* AppDelegate.swift */,
				278446B72396BD0A0027FBD5 /* SceneDelegate.swift */,
				278446B92396BD0A0027FBD5 /* ContentView.swift */,
				278446BB2396BD0D0027FBD5 /* Assets.xcassets */,
				278446C02396BD0D0027FBD5 /* LaunchScreen.storyboard */,
				278446C32396BD0D0027FBD5 /* Info.plist */,
				278446BD2396BD0D0027FBD5 /* Preview Content */,
			);
			path = SVGExample;
			sourceTree = "<group>";
		};
		278446BD2396BD0D0027FBD5 /* Preview Content */ = {
			isa = PBXGroup;
			children = (
				278446BE2396BD0D0027FBD5 /* Preview Assets.xcassets */,
			);
			path = "Preview Content";
			sourceTree = "<group>";
		};
		278446CB2396BD0D0027FBD5 /* SVGExampleTests */ = {
			isa = PBXGroup;
			children = (
				278446CC2396BD0D0027FBD5 /* SVGExampleTests.swift */,
				278446CE2396BD0D0027FBD5 /* Info.plist */,
			);
			path = SVGExampleTests;
			sourceTree = "<group>";
		};
		278446D72396BD310027FBD5 /* Frameworks */ = {
			isa = PBXGroup;
			children = (
				278446D82396BD310027FBD5 /* SVGParser.framework */,
			);
			name = Frameworks;
			sourceTree = "<group>";
		};
/* End PBXGroup section */

/* Begin PBXNativeTarget section */
		278446B12396BD0A0027FBD5 /* SVGExample */ = {
			isa = PBXNativeTarget;
			buildConfigurationList = 278446D12396BD0D0027FBD5 /* Build configuration list for PBXNativeTarget "SVGExample" */;
			buildPhases = (
				278446AE2396BD0A0027FBD5 /* Sources */,
				278446AF2396BD0A0027FBD5 /* Frameworks */,
				278446B02396BD0A0027FBD5 /* Resources */,
				278446DB2396BD310027FBD5 /* Embed Frameworks */,
			);
			buildRules = (
			);
			dependencies = (
			);
			name = SVGExample;
			productName = SVGExample;
			productReference = 278446B22396BD0A0027FBD5 /* SVGExample.app */;
			productType = "com.apple.product-type.application";
		};
		278446C72396BD0D0027FBD5 /* SVGExampleTests */ = {
			isa = PBXNativeTarget;
			buildConfigurationList = 278446D42396BD0D0027FBD5 /* Build configuration list for PBXNativeTarget "SVGExampleTests" */;
			buildPhases = (
				278446C42396BD0D0027FBD5 /* Sources */,
				278446C52396BD0D0027FBD5 /* Frameworks */,
				278446C62396BD0D0027FBD5 /* Resources */,
			);
			buildRules = (
			);
			dependencies = (
				278446CA2396BD0D0027FBD5 /* PBXTargetDependency */,
			);
			name = SVGExampleTests;
			productName = SVGExampleTests;
			productReference = 278446C82396BD0D0027FBD5 /* SVGExampleTests.xctest */;
			productType = "com.apple.product-type.bundle.unit-test";
		};
/* End PBXNativeTarget section */

/* Begin PBXProject section */
		278446AA2396BD0A0027FBD5 /* Project object */ = {
			isa = PBXProject;
			attributes = {
				LastSwiftUpdateCheck = 1120;
				LastUpgradeCheck = 1120;
				ORGANIZATIONNAME = "Mike Muszynski";
				TargetAttributes = {
					278446B12396BD0A0027FBD5 = {
						CreatedOnToolsVersion = 11.2.1;
					};
					278446C72396BD0D0027FBD5 = {
						CreatedOnToolsVersion = 11.2.1;
						TestTargetID = 278446B12396BD0A0027FBD5;
					};
				};
			};
			buildConfigurationList = 278446AD2396BD0A0027FBD5 /* Build configuration list for PBXProject "SVGExample" */;
			compatibilityVersion = "Xcode 9.3";
			developmentRegion = en;
			hasScannedForEncodings = 0;
			knownRegions = (
				en,
				Base,
			);
			mainGroup = 278446A92396BD0A0027FBD5;
			productRefGroup = 278446B32396BD0A0027FBD5 /* Products */;
			projectDirPath = "";
			projectRoot = "";
			targets = (
				278446B12396BD0A0027FBD5 /* SVGExample */,
				278446C72396BD0D0027FBD5 /* SVGExampleTests */,
			);
		};
/* End PBXProject section */

/* Begin PBXResourcesBuildPhase section */
		278446B02396BD0A0027FBD5 /* Resources */ = {
			isa = PBXResourcesBuildPhase;
			buildActionMask = 2147483647;
			files = (
				278446C22396BD0D0027FBD5 /* LaunchScreen.storyboard in Resources */,
				278446BF2396BD0D0027FBD5 /* Preview Assets.xcassets in Resources */,
				278446BC2396BD0D0027FBD5 /* Assets.xcassets in Resources */,
			);
			runOnlyForDeploymentPostprocessing = 0;
		};
		278446C62396BD0D0027FBD5 /* Resources */ = {
			isa = PBXResourcesBuildPhase;
			buildActionMask = 2147483647;
			files = (
			);
			runOnlyForDeploymentPostprocessing = 0;
		};
/* End PBXResourcesBuildPhase section */

/* Begin PBXSourcesBuildPhase section */
		278446AE2396BD0A0027FBD5 /* Sources */ = {
			isa = PBXSourcesBuildPhase;
			buildActionMask = 2147483647;
			files = (
				278446B62396BD0A0027FBD5 /* AppDelegate.swift in Sources */,
				278446B82396BD0A0027FBD5 /* SceneDelegate.swift in Sources */,
				278446BA2396BD0A0027FBD5 /* ContentView.swift in Sources */,
			);
			runOnlyForDeploymentPostprocessing = 0;
		};
		278446C42396BD0D0027FBD5 /* Sources */ = {
			isa = PBXSourcesBuildPhase;
			buildActionMask = 2147483647;
			files = (
				278446CD2396BD0D0027FBD5 /* SVGExampleTests.swift in Sources */,
			);
			runOnlyForDeploymentPostprocessing = 0;
		};
/* End PBXSourcesBuildPhase section */

/* Begin PBXTargetDependency section */
		278446CA2396BD0D0027FBD5 /* PBXTargetDependency */ = {
			isa = PBXTargetDependency;
			target = 278446B12396BD0A0027FBD5 /* SVGExample */;
			targetProxy = 278446C92396BD0D0027FBD5 /* PBXContainerItemProxy */;
		};
/* End PBXTargetDependency section */

/* Begin PBXVariantGroup section */
		278446C02396BD0D0027FBD5 /* LaunchScreen.storyboard */ = {
			isa = PBXVariantGroup;
			children = (
				278446C12396BD0D0027FBD5 /* Base */,
			);
			name = LaunchScreen.storyboard;
			sourceTree = "<group>";
		};
/* End PBXVariantGroup section */

/* Begin XCBuildConfiguration section */
		278446CF2396BD0D0027FBD5 /* Debug */ = {
			isa = XCBuildConfiguration;
			buildSettings = {
				ALWAYS_SEARCH_USER_PATHS = NO;
				CLANG_ANALYZER_NONNULL = YES;
				CLANG_ANALYZER_NUMBER_OBJECT_CONVERSION = YES_AGGRESSIVE;
				CLANG_CXX_LANGUAGE_STANDARD = "gnu++14";
				CLANG_CXX_LIBRARY = "libc++";
				CLANG_ENABLE_MODULES = YES;
				CLANG_ENABLE_OBJC_ARC = YES;
				CLANG_ENABLE_OBJC_WEAK = YES;
				CLANG_WARN_BLOCK_CAPTURE_AUTORELEASING = YES;
				CLANG_WARN_BOOL_CONVERSION = YES;
				CLANG_WARN_COMMA = YES;
				CLANG_WARN_CONSTANT_CONVERSION = YES;
				CLANG_WARN_DEPRECATED_OBJC_IMPLEMENTATIONS = YES;
				CLANG_WARN_DIRECT_OBJC_ISA_USAGE = YES_ERROR;
				CLANG_WARN_DOCUMENTATION_COMMENTS = YES;
				CLANG_WARN_EMPTY_BODY = YES;
				CLANG_WARN_ENUM_CONVERSION = YES;
				CLANG_WARN_INFINITE_RECURSION = YES;
				CLANG_WARN_INT_CONVERSION = YES;
				CLANG_WARN_NON_LITERAL_NULL_CONVERSION = YES;
				CLANG_WARN_OBJC_IMPLICIT_RETAIN_SELF = YES;
				CLANG_WARN_OBJC_LITERAL_CONVERSION = YES;
				CLANG_WARN_OBJC_ROOT_CLASS = YES_ERROR;
				CLANG_WARN_RANGE_LOOP_ANALYSIS = YES;
				CLANG_WARN_STRICT_PROTOTYPES = YES;
				CLANG_WARN_SUSPICIOUS_MOVE = YES;
				CLANG_WARN_UNGUARDED_AVAILABILITY = YES_AGGRESSIVE;
				CLANG_WARN_UNREACHABLE_CODE = YES;
				CLANG_WARN__DUPLICATE_METHOD_MATCH = YES;
				COPY_PHASE_STRIP = NO;
				DEBUG_INFORMATION_FORMAT = dwarf;
				ENABLE_STRICT_OBJC_MSGSEND = YES;
				ENABLE_TESTABILITY = YES;
				GCC_C_LANGUAGE_STANDARD = gnu11;
				GCC_DYNAMIC_NO_PIC = NO;
				GCC_NO_COMMON_BLOCKS = YES;
				GCC_OPTIMIZATION_LEVEL = 0;
				GCC_PREPROCESSOR_DEFINITIONS = (
					"DEBUG=1",
					"$(inherited)",
				);
				GCC_WARN_64_TO_32_BIT_CONVERSION = YES;
				GCC_WARN_ABOUT_RETURN_TYPE = YES_ERROR;
				GCC_WARN_UNDECLARED_SELECTOR = YES;
				GCC_WARN_UNINITIALIZED_AUTOS = YES_AGGRESSIVE;
				GCC_WARN_UNUSED_FUNCTION = YES;
				GCC_WARN_UNUSED_VARIABLE = YES;
				IPHONEOS_DEPLOYMENT_TARGET = 13.2;
				MTL_ENABLE_DEBUG_INFO = INCLUDE_SOURCE;
				MTL_FAST_MATH = YES;
				ONLY_ACTIVE_ARCH = YES;
				SDKROOT = iphoneos;
				SWIFT_ACTIVE_COMPILATION_CONDITIONS = DEBUG;
				SWIFT_OPTIMIZATION_LEVEL = "-Onone";
			};
			name = Debug;
		};
		278446D02396BD0D0027FBD5 /* Release */ = {
			isa = XCBuildConfiguration;
			buildSettings = {
				ALWAYS_SEARCH_USER_PATHS = NO;
				CLANG_ANALYZER_NONNULL = YES;
				CLANG_ANALYZER_NUMBER_OBJECT_CONVERSION = YES_AGGRESSIVE;
				CLANG_CXX_LANGUAGE_STANDARD = "gnu++14";
				CLANG_CXX_LIBRARY = "libc++";
				CLANG_ENABLE_MODULES = YES;
				CLANG_ENABLE_OBJC_ARC = YES;
				CLANG_ENABLE_OBJC_WEAK = YES;
				CLANG_WARN_BLOCK_CAPTURE_AUTORELEASING = YES;
				CLANG_WARN_BOOL_CONVERSION = YES;
				CLANG_WARN_COMMA = YES;
				CLANG_WARN_CONSTANT_CONVERSION = YES;
				CLANG_WARN_DEPRECATED_OBJC_IMPLEMENTATIONS = YES;
				CLANG_WARN_DIRECT_OBJC_ISA_USAGE = YES_ERROR;
				CLANG_WARN_DOCUMENTATION_COMMENTS = YES;
				CLANG_WARN_EMPTY_BODY = YES;
				CLANG_WARN_ENUM_CONVERSION = YES;
				CLANG_WARN_INFINITE_RECURSION = YES;
				CLANG_WARN_INT_CONVERSION = YES;
				CLANG_WARN_NON_LITERAL_NULL_CONVERSION = YES;
				CLANG_WARN_OBJC_IMPLICIT_RETAIN_SELF = YES;
				CLANG_WARN_OBJC_LITERAL_CONVERSION = YES;
				CLANG_WARN_OBJC_ROOT_CLASS = YES_ERROR;
				CLANG_WARN_RANGE_LOOP_ANALYSIS = YES;
				CLANG_WARN_STRICT_PROTOTYPES = YES;
				CLANG_WARN_SUSPICIOUS_MOVE = YES;
				CLANG_WARN_UNGUARDED_AVAILABILITY = YES_AGGRESSIVE;
				CLANG_WARN_UNREACHABLE_CODE = YES;
				CLANG_WARN__DUPLICATE_METHOD_MATCH = YES;
				COPY_PHASE_STRIP = NO;
				DEBUG_INFORMATION_FORMAT = "dwarf-with-dsym";
				ENABLE_NS_ASSERTIONS = NO;
				ENABLE_STRICT_OBJC_MSGSEND = YES;
				GCC_C_LANGUAGE_STANDARD = gnu11;
				GCC_NO_COMMON_BLOCKS = YES;
				GCC_WARN_64_TO_32_BIT_CONVERSION = YES;
				GCC_WARN_ABOUT_RETURN_TYPE = YES_ERROR;
				GCC_WARN_UNDECLARED_SELECTOR = YES;
				GCC_WARN_UNINITIALIZED_AUTOS = YES_AGGRESSIVE;
				GCC_WARN_UNUSED_FUNCTION = YES;
				GCC_WARN_UNUSED_VARIABLE = YES;
				IPHONEOS_DEPLOYMENT_TARGET = 13.2;
				MTL_ENABLE_DEBUG_INFO = NO;
				MTL_FAST_MATH = YES;
				SDKROOT = iphoneos;
				SWIFT_COMPILATION_MODE = wholemodule;
				SWIFT_OPTIMIZATION_LEVEL = "-O";
				VALIDATE_PRODUCT = YES;
			};
			name = Release;
		};
		278446D22396BD0D0027FBD5 /* Debug */ = {
			isa = XCBuildConfiguration;
			buildSettings = {
				ASSETCATALOG_COMPILER_APPICON_NAME = AppIcon;
				CODE_SIGN_STYLE = Automatic;
				DEVELOPMENT_ASSET_PATHS = "\"SVGExample/Preview Content\"";
				DEVELOPMENT_TEAM = DF288G8ZJ6;
				ENABLE_PREVIEWS = YES;
				INFOPLIST_FILE = SVGExample/Info.plist;
				LD_RUNPATH_SEARCH_PATHS = (
					"$(inherited)",
					"@executable_path/Frameworks",
				);
				PRODUCT_BUNDLE_IDENTIFIER = mmuszynski.SVGExample;
				PRODUCT_NAME = "$(TARGET_NAME)";
				SWIFT_VERSION = 5.0;
				TARGETED_DEVICE_FAMILY = "1,2";
			};
			name = Debug;
		};
		278446D32396BD0D0027FBD5 /* Release */ = {
			isa = XCBuildConfiguration;
			buildSettings = {
				ASSETCATALOG_COMPILER_APPICON_NAME = AppIcon;
				CODE_SIGN_STYLE = Automatic;
				DEVELOPMENT_ASSET_PATHS = "\"SVGExample/Preview Content\"";
				DEVELOPMENT_TEAM = DF288G8ZJ6;
				ENABLE_PREVIEWS = YES;
				INFOPLIST_FILE = SVGExample/Info.plist;
				LD_RUNPATH_SEARCH_PATHS = (
					"$(inherited)",
					"@executable_path/Frameworks",
				);
				PRODUCT_BUNDLE_IDENTIFIER = mmuszynski.SVGExample;
				PRODUCT_NAME = "$(TARGET_NAME)";
				SWIFT_VERSION = 5.0;
				TARGETED_DEVICE_FAMILY = "1,2";
			};
			name = Release;
		};
		278446D52396BD0D0027FBD5 /* Debug */ = {
			isa = XCBuildConfiguration;
			buildSettings = {
				ALWAYS_EMBED_SWIFT_STANDARD_LIBRARIES = YES;
				BUNDLE_LOADER = "$(TEST_HOST)";
				CODE_SIGN_STYLE = Automatic;
				DEVELOPMENT_TEAM = DF288G8ZJ6;
				INFOPLIST_FILE = SVGExampleTests/Info.plist;
				IPHONEOS_DEPLOYMENT_TARGET = 13.2;
				LD_RUNPATH_SEARCH_PATHS = (
					"$(inherited)",
					"@executable_path/Frameworks",
					"@loader_path/Frameworks",
				);
				PRODUCT_BUNDLE_IDENTIFIER = mmuszynski.SVGExampleTests;
				PRODUCT_NAME = "$(TARGET_NAME)";
				SWIFT_VERSION = 5.0;
				TARGETED_DEVICE_FAMILY = "1,2";
				TEST_HOST = "$(BUILT_PRODUCTS_DIR)/SVGExample.app/SVGExample";
			};
			name = Debug;
		};
		278446D62396BD0D0027FBD5 /* Release */ = {
			isa = XCBuildConfiguration;
			buildSettings = {
				ALWAYS_EMBED_SWIFT_STANDARD_LIBRARIES = YES;
				BUNDLE_LOADER = "$(TEST_HOST)";
				CODE_SIGN_STYLE = Automatic;
				DEVELOPMENT_TEAM = DF288G8ZJ6;
				INFOPLIST_FILE = SVGExampleTests/Info.plist;
				IPHONEOS_DEPLOYMENT_TARGET = 13.2;
				LD_RUNPATH_SEARCH_PATHS = (
					"$(inherited)",
					"@executable_path/Frameworks",
					"@loader_path/Frameworks",
				);
				PRODUCT_BUNDLE_IDENTIFIER = mmuszynski.SVGExampleTests;
				PRODUCT_NAME = "$(TARGET_NAME)";
				SWIFT_VERSION = 5.0;
				TARGETED_DEVICE_FAMILY = "1,2";
				TEST_HOST = "$(BUILT_PRODUCTS_DIR)/SVGExample.app/SVGExample";
			};
			name = Release;
		};
/* End XCBuildConfiguration section */

/* Begin XCConfigurationList section */
		278446AD2396BD0A0027FBD5 /* Build configuration list for PBXProject "SVGExample" */ = {
			isa = XCConfigurationList;
			buildConfigurations = (
				278446CF2396BD0D0027FBD5 /* Debug */,
				278446D02396BD0D0027FBD5 /* Release */,
			);
			defaultConfigurationIsVisible = 0;
			defaultConfigurationName = Release;
		};
		278446D12396BD0D0027FBD5 /* Build configuration list for PBXNativeTarget "SVGExample" */ = {
			isa = XCConfigurationList;
			buildConfigurations = (
				278446D22396BD0D0027FBD5 /* Debug */,
				278446D32396BD0D0027FBD5 /* Release */,
			);
			defaultConfigurationIsVisible = 0;
			defaultConfigurationName = Release;
		};
		278446D42396BD0D0027FBD5 /* Build configuration list for PBXNativeTarget "SVGExampleTests" */ = {
			isa = XCConfigurationList;
			buildConfigurations = (
				278446D52396BD0D0027FBD5 /* Debug */,
				278446D62396BD0D0027FBD5 /* Release */,
			);
			defaultConfigurationIsVisible = 0;
			defaultConfigurationName = Release;
		};
/* End XCConfigurationList section */
	};
	rootObject = 278446AA2396BD0A0027FBD5 /* Project object */;
}
